{
  "requires": true,
  "lockfileVersion": 1,
  "dependencies": {
    "@types/lodash": {
      "version": "4.14.111",
      "resolved": "https://registry.npmjs.org/@types/lodash/-/lodash-4.14.111.tgz",
      "integrity": "sha512-t2FwnkdqdZNYPJHTEF+Zf//j5d2I7UbM2Ng+vqqmUCE2RuiVVINJi9RlVdpKvqPqVItsJa0X+ra/tvmwLzlcgg=="
    },
    "lodash": {
      "version": "4.17.4",
      "resolved": "https://registry.npmjs.org/lodash/-/lodash-4.17.4.tgz",
      "integrity": "sha1-eCA6TRwyiuHYbcpkYONptX9AVa4="
    }
  }
}
